
Microsoft Visual Studio Solution File, Format Version 12.00
# Visual Studio Version 16
VisualStudioVersion = 16.0.29905.134
MinimumVisualStudioVersion = 10.0.40219.1
Project("{FAE04EC0-301F-11D3-BF4B-00C04F79EFBC}") = "calypso-app", "calypso-app\calypso-app.csproj", "{9F0DDD33-7938-4636-8C67-F7DA45702202}"
EndProject
Global
	GlobalSection(SolutionConfigurationPlatforms) = preSolution
		Debug|Any CPU = Debug|Any CPU
		Release|Any CPU = Release|Any CPU
	EndGlobalSection
	GlobalSection(ProjectConfigurationPlatforms) = postSolution
		{9F0DDD33-7938-4636-8C67-F7DA45702202}.Debug|Any CPU.ActiveCfg = Debug|Any CPU
		{9F0DDD33-7938-4636-8C67-F7DA45702202}.Debug|Any CPU.Build.0 = Debug|Any CPU
		{9F0DDD33-7938-4636-8C67-F7DA45702202}.Release|Any CPU.ActiveCfg = Release|Any CPU
		{9F0DDD33-7938-4636-8C67-F7DA45702202}.Release|Any CPU.Build.0 = Release|Any CPU
	EndGlobalSection
	GlobalSection(SolutionProperties) = preSolution
		HideSolutionNode = FALSE
	EndGlobalSection
	GlobalSection(ExtensibilityGlobals) = postSolution
		SolutionGuid = {9F79DC97-0984-4192-B92A-0AC91F281181}
	EndGlobalSection
EndGlobal
